
Microsoft Visual Studio Solution File, Format Version 12.00
# Visual Studio 15
VisualStudioVersion = 15.0.27703.2035
MinimumVisualStudioVersion = 10.0.40219.1
Project("{FAE04EC0-301F-11D3-BF4B-00C04F79EFBC}") = "MMM3", "MMM3\MMM3.csproj", "{6F02B94F-2559-4FAD-AB0E-38109F2AF810}"
EndProject
Global
	GlobalSection(SolutionConfigurationPlatforms) = preSolution
		Debug|Any CPU = Debug|Any CPU
		Release|Any CPU = Release|Any CPU
	EndGlobalSection
	GlobalSection(ProjectConfigurationPlatforms) = postSolution
		{6F02B94F-2559-4FAD-AB0E-38109F2AF810}.Debug|Any CPU.ActiveCfg = Debug|Any CPU
		{6F02B94F-2559-4FAD-AB0E-38109F2AF810}.Debug|Any CPU.Build.0 = Debug|Any CPU
		{6F02B94F-2559-4FAD-AB0E-38109F2AF810}.Release|Any CPU.ActiveCfg = Release|Any CPU
		{6F02B94F-2559-4FAD-AB0E-38109F2AF810}.Release|Any CPU.Build.0 = Release|Any CPU
	EndGlobalSection
	GlobalSection(SolutionProperties) = preSolution
		HideSolutionNode = FALSE
	EndGlobalSection
	GlobalSection(ExtensibilityGlobals) = postSolution
		SolutionGuid = {39616ECD-3DD4-4397-8784-9DB1110E71F8}
	EndGlobalSection
EndGlobal
